
Microsoft Visual Studio Solution File, Format Version 12.00
# Visual Studio 15
VisualStudioVersion = 15.0.27703.2035
MinimumVisualStudioVersion = 10.0.40219.1
Project("{FAE04EC0-301F-11D3-BF4B-00C04F79EFBC}") = "PenteConsole", "PenteConsole\PenteConsole.csproj", "{0139532A-1491-4AFA-A5B7-867E5EB09C4B}"
EndProject
Global
	GlobalSection(SolutionConfigurationPlatforms) = preSolution
		Debug|Any CPU = Debug|Any CPU
		Release|Any CPU = Release|Any CPU
	EndGlobalSection
	GlobalSection(ProjectConfigurationPlatforms) = postSolution
		{0139532A-1491-4AFA-A5B7-867E5EB09C4B}.Debug|Any CPU.ActiveCfg = Debug|Any CPU
		{0139532A-1491-4AFA-A5B7-867E5EB09C4B}.Debug|Any CPU.Build.0 = Debug|Any CPU
		{0139532A-1491-4AFA-A5B7-867E5EB09C4B}.Release|Any CPU.ActiveCfg = Release|Any CPU
		{0139532A-1491-4AFA-A5B7-867E5EB09C4B}.Release|Any CPU.Build.0 = Release|Any CPU
	EndGlobalSection
	GlobalSection(SolutionProperties) = preSolution
		HideSolutionNode = FALSE
	EndGlobalSection
	GlobalSection(ExtensibilityGlobals) = postSolution
		SolutionGuid = {47948E25-7752-4AB9-ADCA-51248625B371}
	EndGlobalSection
EndGlobal
